// !$*UTF8*$!
{
	archiveVersion = 1;
	classes = {
	};
	objectVersion = 56;
	objects = {

/* Begin PBXBuildFile section */
		2F070CBD288EEFA5000219EE /* Category.swift in Sources */ = {isa = PBXBuildFile; fileRef = 2F070CBC288EEFA5000219EE /* Category.swift */; };
		2F070CC1288EF919000219EE /* CategoryList.swift in Sources */ = {isa = PBXBuildFile; fileRef = 2F070CC0288EF919000219EE /* CategoryList.swift */; };
		2F070CC328918FAA000219EE /* BudgetColumn.swift in Sources */ = {isa = PBXBuildFile; fileRef = 2F070CC228918FAA000219EE /* BudgetColumn.swift */; };
		2F070CC528918FB0000219EE /* BudgetHeader.swift in Sources */ = {isa = PBXBuildFile; fileRef = 2F070CC428918FB0000219EE /* BudgetHeader.swift */; };
		2F070CC728919DC7000219EE /* BudgetView.swift in Sources */ = {isa = PBXBuildFile; fileRef = 2F070CC628919DC7000219EE /* BudgetView.swift */; };
		2F070CC9289439A6000219EE /* Budget.swift in Sources */ = {isa = PBXBuildFile; fileRef = 2F070CC8289439A6000219EE /* Budget.swift */; };
		2F070CCB28943DF8000219EE /* Transaction.swift in Sources */ = {isa = PBXBuildFile; fileRef = 2F070CCA28943DF8000219EE /* Transaction.swift */; };
		2F2F5404288C4798006E2FDE /* SplashView.swift in Sources */ = {isa = PBXBuildFile; fileRef = 2F2F5403288C4798006E2FDE /* SplashView.swift */; };
		2F2F5406288C48B2006E2FDE /* VisualEffect.swift in Sources */ = {isa = PBXBuildFile; fileRef = 2F2F5405288C48B2006E2FDE /* VisualEffect.swift */; };
		2F2F5409288C507A006E2FDE /* Localizable.strings in Resources */ = {isa = PBXBuildFile; fileRef = 2F2F540B288C507A006E2FDE /* Localizable.strings */; };
		2F2F5411288CA145006E2FDE /* exportTransactions.scpt in Resources */ = {isa = PBXBuildFile; fileRef = 2F2F540D288CA145006E2FDE /* exportTransactions.scpt */; platformFilters = (macos, ); };
		2F2F5412288CA145006E2FDE /* exportCategories.scpt in Resources */ = {isa = PBXBuildFile; fileRef = 2F2F540E288CA145006E2FDE /* exportCategories.scpt */; platformFilters = (macos, ); };
		2F2F5413288CA145006E2FDE /* moneymoneyExists.scpt in Resources */ = {isa = PBXBuildFile; fileRef = 2F2F540F288CA145006E2FDE /* moneymoneyExists.scpt */; platformFilters = (macos, ); };
		2F2F5414288CA145006E2FDE /* exportAccounts.scpt in Resources */ = {isa = PBXBuildFile; fileRef = 2F2F5410288CA145006E2FDE /* exportAccounts.scpt */; platformFilters = (macos, ); };
		2F3DB1AF288D5C30007B360C /* MonthSelectorView.swift in Sources */ = {isa = PBXBuildFile; fileRef = 2F3DB1AE288D5C30007B360C /* MonthSelectorView.swift */; };
		2F451CC428A78ABB000CED13 /* Date+Month.swift in Sources */ = {isa = PBXBuildFile; fileRef = 2F451CC328A78ABB000CED13 /* Date+Month.swift */; };
		2F451CC628A78C97000CED13 /* String+Format.swift in Sources */ = {isa = PBXBuildFile; fileRef = 2F451CC528A78C97000CED13 /* String+Format.swift */; };
		2F7610C0288481E5005D4183 /* BudgetBudgetApp.swift in Sources */ = {isa = PBXBuildFile; fileRef = 2F7610BF288481E5005D4183 /* BudgetBudgetApp.swift */; };
		2F7610C2288481E5005D4183 /* ContentView.swift in Sources */ = {isa = PBXBuildFile; fileRef = 2F7610C1288481E5005D4183 /* ContentView.swift */; };
		2F7610C4288481E7005D4183 /* Assets.xcassets in Resources */ = {isa = PBXBuildFile; fileRef = 2F7610C3288481E7005D4183 /* Assets.xcassets */; };
		2F7610C7288481E7005D4183 /* Preview Assets.xcassets in Resources */ = {isa = PBXBuildFile; fileRef = 2F7610C6288481E7005D4183 /* Preview Assets.xcassets */; };
		2F76110928849658005D4183 /* MoneyMoney.swift in Sources */ = {isa = PBXBuildFile; fileRef = 2F76110828849658005D4183 /* MoneyMoney.swift */; };
		2F76110F2884A0C5005D4183 /* Account.swift in Sources */ = {isa = PBXBuildFile; fileRef = 2F76110E2884A0C5005D4183 /* Account.swift */; };
		2F7611132884AB81005D4183 /* Image+Data.swift in Sources */ = {isa = PBXBuildFile; fileRef = 2F7611122884AB81005D4183 /* Image+Data.swift */; };
		2F7611172885B843005D4183 /* Hierarchy.swift in Sources */ = {isa = PBXBuildFile; fileRef = 2F7611162885B843005D4183 /* Hierarchy.swift */; };
		2F76111C2885D2CA005D4183 /* AccountList.swift in Sources */ = {isa = PBXBuildFile; fileRef = 2F76111B2885D2CA005D4183 /* AccountList.swift */; };
		2F7611202886FADE005D4183 /* SettingsView.swift in Sources */ = {isa = PBXBuildFile; fileRef = 2F76111F2886FADE005D4183 /* SettingsView.swift */; };
		2F8FD212290C664F00BD5FFB /* UserDefaults+Codable.swift in Sources */ = {isa = PBXBuildFile; fileRef = 2F8FD211290C664F00BD5FFB /* UserDefaults+Codable.swift */; };
/* End PBXBuildFile section */

/* Begin PBXFileReference section */
		2F070CBC288EEFA5000219EE /* Category.swift */ = {isa = PBXFileReference; lastKnownFileType = sourcecode.swift; path = Category.swift; sourceTree = "<group>"; };
		2F070CC0288EF919000219EE /* CategoryList.swift */ = {isa = PBXFileReference; lastKnownFileType = sourcecode.swift; path = CategoryList.swift; sourceTree = "<group>"; };
		2F070CC228918FAA000219EE /* BudgetColumn.swift */ = {isa = PBXFileReference; lastKnownFileType = sourcecode.swift; path = BudgetColumn.swift; sourceTree = "<group>"; };
		2F070CC428918FB0000219EE /* BudgetHeader.swift */ = {isa = PBXFileReference; lastKnownFileType = sourcecode.swift; path = BudgetHeader.swift; sourceTree = "<group>"; };
		2F070CC628919DC7000219EE /* BudgetView.swift */ = {isa = PBXFileReference; lastKnownFileType = sourcecode.swift; path = BudgetView.swift; sourceTree = "<group>"; };
		2F070CC8289439A6000219EE /* Budget.swift */ = {isa = PBXFileReference; lastKnownFileType = sourcecode.swift; path = Budget.swift; sourceTree = "<group>"; };
		2F070CCA28943DF8000219EE /* Transaction.swift */ = {isa = PBXFileReference; lastKnownFileType = sourcecode.swift; path = Transaction.swift; sourceTree = "<group>"; };
		2F2F5403288C4798006E2FDE /* SplashView.swift */ = {isa = PBXFileReference; lastKnownFileType = sourcecode.swift; path = SplashView.swift; sourceTree = "<group>"; };
		2F2F5405288C48B2006E2FDE /* VisualEffect.swift */ = {isa = PBXFileReference; lastKnownFileType = sourcecode.swift; path = VisualEffect.swift; sourceTree = "<group>"; };
		2F2F540A288C507A006E2FDE /* de */ = {isa = PBXFileReference; lastKnownFileType = text.plist.strings; name = de; path = de.lproj/Localizable.strings; sourceTree = "<group>"; };
		2F2F540C288C50B4006E2FDE /* en */ = {isa = PBXFileReference; lastKnownFileType = text.plist.strings; name = en; path = en.lproj/Localizable.strings; sourceTree = "<group>"; };
		2F2F540D288CA145006E2FDE /* exportTransactions.scpt */ = {isa = PBXFileReference; lastKnownFileType = file; path = exportTransactions.scpt; sourceTree = "<group>"; };
		2F2F540E288CA145006E2FDE /* exportCategories.scpt */ = {isa = PBXFileReference; lastKnownFileType = file; path = exportCategories.scpt; sourceTree = "<group>"; };
		2F2F540F288CA145006E2FDE /* moneymoneyExists.scpt */ = {isa = PBXFileReference; lastKnownFileType = file; path = moneymoneyExists.scpt; sourceTree = "<group>"; };
		2F2F5410288CA145006E2FDE /* exportAccounts.scpt */ = {isa = PBXFileReference; lastKnownFileType = file; path = exportAccounts.scpt; sourceTree = "<group>"; };
		2F2F5415288CAAEF006E2FDE /* BudgetBudget.entitlements */ = {isa = PBXFileReference; lastKnownFileType = text.plist.entitlements; path = BudgetBudget.entitlements; sourceTree = "<group>"; };
		2F2F5416288CB122006E2FDE /* Info.plist */ = {isa = PBXFileReference; lastKnownFileType = text.plist; path = Info.plist; sourceTree = "<group>"; };
		2F3DB1AE288D5C30007B360C /* MonthSelectorView.swift */ = {isa = PBXFileReference; lastKnownFileType = sourcecode.swift; path = MonthSelectorView.swift; sourceTree = "<group>"; };
		2F451CC328A78ABB000CED13 /* Date+Month.swift */ = {isa = PBXFileReference; lastKnownFileType = sourcecode.swift; path = "Date+Month.swift"; sourceTree = "<group>"; };
		2F451CC528A78C97000CED13 /* String+Format.swift */ = {isa = PBXFileReference; lastKnownFileType = sourcecode.swift; path = "String+Format.swift"; sourceTree = "<group>"; };
		2F7610BC288481E5005D4183 /* BudgetBudget.app */ = {isa = PBXFileReference; explicitFileType = wrapper.application; includeInIndex = 0; path = BudgetBudget.app; sourceTree = BUILT_PRODUCTS_DIR; };
		2F7610BF288481E5005D4183 /* BudgetBudgetApp.swift */ = {isa = PBXFileReference; lastKnownFileType = sourcecode.swift; path = BudgetBudgetApp.swift; sourceTree = "<group>"; };
		2F7610C1288481E5005D4183 /* ContentView.swift */ = {isa = PBXFileReference; lastKnownFileType = sourcecode.swift; path = ContentView.swift; sourceTree = "<group>"; };
		2F7610C3288481E7005D4183 /* Assets.xcassets */ = {isa = PBXFileReference; lastKnownFileType = folder.assetcatalog; path = Assets.xcassets; sourceTree = "<group>"; };
		2F7610C6288481E7005D4183 /* Preview Assets.xcassets */ = {isa = PBXFileReference; lastKnownFileType = folder.assetcatalog; path = "Preview Assets.xcassets"; sourceTree = "<group>"; };
		2F7610CE2884836C005D4183 /* moneymoneyExists.applescript */ = {isa = PBXFileReference; fileEncoding = 4; lastKnownFileType = sourcecode.applescript; path = moneymoneyExists.applescript; sourceTree = "<group>"; };
		2F7610CF2884836C005D4183 /* exportAccounts.applescript */ = {isa = PBXFileReference; fileEncoding = 4; lastKnownFileType = sourcecode.applescript; path = exportAccounts.applescript; sourceTree = "<group>"; };
		2F7610D02884836C005D4183 /* exportCategories.applescript */ = {isa = PBXFileReference; fileEncoding = 4; lastKnownFileType = sourcecode.applescript; path = exportCategories.applescript; sourceTree = "<group>"; };
		2F7610D12884836C005D4183 /* exportTransactions.applescript */ = {isa = PBXFileReference; fileEncoding = 4; lastKnownFileType = sourcecode.applescript; path = exportTransactions.applescript; sourceTree = "<group>"; };
		2F76110828849658005D4183 /* MoneyMoney.swift */ = {isa = PBXFileReference; lastKnownFileType = sourcecode.swift; path = MoneyMoney.swift; sourceTree = "<group>"; };
		2F76110E2884A0C5005D4183 /* Account.swift */ = {isa = PBXFileReference; lastKnownFileType = sourcecode.swift; path = Account.swift; sourceTree = "<group>"; };
		2F7611122884AB81005D4183 /* Image+Data.swift */ = {isa = PBXFileReference; lastKnownFileType = sourcecode.swift; path = "Image+Data.swift"; sourceTree = "<group>"; };
		2F7611162885B843005D4183 /* Hierarchy.swift */ = {isa = PBXFileReference; lastKnownFileType = sourcecode.swift; path = Hierarchy.swift; sourceTree = "<group>"; };
		2F76111B2885D2CA005D4183 /* AccountList.swift */ = {isa = PBXFileReference; fileEncoding = 4; lastKnownFileType = sourcecode.swift; path = AccountList.swift; sourceTree = "<group>"; };
		2F76111F2886FADE005D4183 /* SettingsView.swift */ = {isa = PBXFileReference; lastKnownFileType = sourcecode.swift; path = SettingsView.swift; sourceTree = "<group>"; };
		2F8FD211290C664F00BD5FFB /* UserDefaults+Codable.swift */ = {isa = PBXFileReference; lastKnownFileType = sourcecode.swift; path = "UserDefaults+Codable.swift"; sourceTree = "<group>"; };
/* End PBXFileReference section */

/* Begin PBXFrameworksBuildPhase section */
		2F7610B9288481E5005D4183 /* Frameworks */ = {
			isa = PBXFrameworksBuildPhase;
			buildActionMask = 2147483647;
			files = (
			);
			runOnlyForDeploymentPostprocessing = 0;
		};
/* End PBXFrameworksBuildPhase section */

/* Begin PBXGroup section */
		2F7610B3288481E5005D4183 = {
			isa = PBXGroup;
			children = (
				2F7610BE288481E5005D4183 /* BudgetBudget */,
				2F7610BD288481E5005D4183 /* Products */,
			);
			sourceTree = "<group>";
		};
		2F7610BD288481E5005D4183 /* Products */ = {
			isa = PBXGroup;
			children = (
				2F7610BC288481E5005D4183 /* BudgetBudget.app */,
			);
			name = Products;
			sourceTree = "<group>";
		};
		2F7610BE288481E5005D4183 /* BudgetBudget */ = {
			isa = PBXGroup;
			children = (
				2F2F5416288CB122006E2FDE /* Info.plist */,
				2F2F5415288CAAEF006E2FDE /* BudgetBudget.entitlements */,
				2F2F540B288C507A006E2FDE /* Localizable.strings */,
				2F76111A2885D29B005D4183 /* View */,
				2F7610CD28848345005D4183 /* Scripts */,
				2F7610BF288481E5005D4183 /* BudgetBudgetApp.swift */,
				2F76111E2885D348005D4183 /* Helper */,
				2F76111D2885D326005D4183 /* ViewModel */,
				2F7610C3288481E7005D4183 /* Assets.xcassets */,
				2F7610C5288481E7005D4183 /* Preview Content */,
			);
			path = BudgetBudget;
			sourceTree = "<group>";
		};
		2F7610C5288481E7005D4183 /* Preview Content */ = {
			isa = PBXGroup;
			children = (
				2F7610C6288481E7005D4183 /* Preview Assets.xcassets */,
			);
			path = "Preview Content";
			sourceTree = "<group>";
		};
		2F7610CD28848345005D4183 /* Scripts */ = {
			isa = PBXGroup;
			children = (
				2F2F5410288CA145006E2FDE /* exportAccounts.scpt */,
				2F2F540E288CA145006E2FDE /* exportCategories.scpt */,
				2F2F540D288CA145006E2FDE /* exportTransactions.scpt */,
				2F2F540F288CA145006E2FDE /* moneymoneyExists.scpt */,
				2F7610CF2884836C005D4183 /* exportAccounts.applescript */,
				2F7610D02884836C005D4183 /* exportCategories.applescript */,
				2F7610D12884836C005D4183 /* exportTransactions.applescript */,
				2F7610CE2884836C005D4183 /* moneymoneyExists.applescript */,
			);
			path = Scripts;
			sourceTree = "<group>";
		};
		2F76111A2885D29B005D4183 /* View */ = {
			isa = PBXGroup;
			children = (
				2F76111F2886FADE005D4183 /* SettingsView.swift */,
				2F76111B2885D2CA005D4183 /* AccountList.swift */,
				2F070CC0288EF919000219EE /* CategoryList.swift */,
				2F070CC228918FAA000219EE /* BudgetColumn.swift */,
				2F070CC428918FB0000219EE /* BudgetHeader.swift */,
				2F7610C1288481E5005D4183 /* ContentView.swift */,
				2F2F5403288C4798006E2FDE /* SplashView.swift */,
				2F2F5405288C48B2006E2FDE /* VisualEffect.swift */,
				2F3DB1AE288D5C30007B360C /* MonthSelectorView.swift */,
				2F070CC628919DC7000219EE /* BudgetView.swift */,
			);
			path = View;
			sourceTree = "<group>";
		};
		2F76111D2885D326005D4183 /* ViewModel */ = {
			isa = PBXGroup;
			children = (
				2F070CCA28943DF8000219EE /* Transaction.swift */,
				2F070CC8289439A6000219EE /* Budget.swift */,
				2F070CBC288EEFA5000219EE /* Category.swift */,
				2F76110828849658005D4183 /* MoneyMoney.swift */,
				2F76110E2884A0C5005D4183 /* Account.swift */,
			);
			path = ViewModel;
			sourceTree = "<group>";
		};
		2F76111E2885D348005D4183 /* Helper */ = {
			isa = PBXGroup;
			children = (
				2F7611122884AB81005D4183 /* Image+Data.swift */,
				2F7611162885B843005D4183 /* Hierarchy.swift */,
				2F451CC328A78ABB000CED13 /* Date+Month.swift */,
				2F451CC528A78C97000CED13 /* String+Format.swift */,
				2F8FD211290C664F00BD5FFB /* UserDefaults+Codable.swift */,
			);
			path = Helper;
			sourceTree = "<group>";
		};
/* End PBXGroup section */

/* Begin PBXNativeTarget section */
		2F7610BB288481E5005D4183 /* BudgetBudget */ = {
			isa = PBXNativeTarget;
			buildConfigurationList = 2F7610CA288481E7005D4183 /* Build configuration list for PBXNativeTarget "BudgetBudget" */;
			buildPhases = (
				2F7610B8288481E5005D4183 /* Sources */,
				2F7610B9288481E5005D4183 /* Frameworks */,
				2F7610BA288481E5005D4183 /* Resources */,
			);
			buildRules = (
			);
			dependencies = (
			);
			name = BudgetBudget;
			productName = BudgetBudget;
			productReference = 2F7610BC288481E5005D4183 /* BudgetBudget.app */;
			productType = "com.apple.product-type.application";
		};
/* End PBXNativeTarget section */

/* Begin PBXProject section */
		2F7610B4288481E5005D4183 /* Project object */ = {
			isa = PBXProject;
			attributes = {
				BuildIndependentTargetsInParallel = 1;
				LastSwiftUpdateCheck = 1400;
				LastUpgradeCheck = 1410;
				TargetAttributes = {
					2F7610BB288481E5005D4183 = {
						CreatedOnToolsVersion = 14.0;
					};
				};
			};
			buildConfigurationList = 2F7610B7288481E5005D4183 /* Build configuration list for PBXProject "BudgetBudget" */;
			compatibilityVersion = "Xcode 14.0";
			developmentRegion = en;
			hasScannedForEncodings = 0;
			knownRegions = (
				en,
				Base,
				de,
			);
			mainGroup = 2F7610B3288481E5005D4183;
			productRefGroup = 2F7610BD288481E5005D4183 /* Products */;
			projectDirPath = "";
			projectRoot = "";
			targets = (
				2F7610BB288481E5005D4183 /* BudgetBudget */,
			);
		};
/* End PBXProject section */

/* Begin PBXResourcesBuildPhase section */
		2F7610BA288481E5005D4183 /* Resources */ = {
			isa = PBXResourcesBuildPhase;
			buildActionMask = 2147483647;
			files = (
				2F2F5411288CA145006E2FDE /* exportTransactions.scpt in Resources */,
				2F2F5412288CA145006E2FDE /* exportCategories.scpt in Resources */,
				2F2F5413288CA145006E2FDE /* moneymoneyExists.scpt in Resources */,
				2F2F5414288CA145006E2FDE /* exportAccounts.scpt in Resources */,
				2F7610C7288481E7005D4183 /* Preview Assets.xcassets in Resources */,
				2F2F5409288C507A006E2FDE /* Localizable.strings in Resources */,
				2F7610C4288481E7005D4183 /* Assets.xcassets in Resources */,
			);
			runOnlyForDeploymentPostprocessing = 0;
		};
/* End PBXResourcesBuildPhase section */

/* Begin PBXSourcesBuildPhase section */
		2F7610B8288481E5005D4183 /* Sources */ = {
			isa = PBXSourcesBuildPhase;
			buildActionMask = 2147483647;
			files = (
				2F3DB1AF288D5C30007B360C /* MonthSelectorView.swift in Sources */,
				2F070CC728919DC7000219EE /* BudgetView.swift in Sources */,
				2F2F5406288C48B2006E2FDE /* VisualEffect.swift in Sources */,
				2F7610C2288481E5005D4183 /* ContentView.swift in Sources */,
				2F76110928849658005D4183 /* MoneyMoney.swift in Sources */,
				2F070CC328918FAA000219EE /* BudgetColumn.swift in Sources */,
				2F2F5404288C4798006E2FDE /* SplashView.swift in Sources */,
				2F451CC428A78ABB000CED13 /* Date+Month.swift in Sources */,
				2F76110F2884A0C5005D4183 /* Account.swift in Sources */,
				2F451CC628A78C97000CED13 /* String+Format.swift in Sources */,
				2F070CCB28943DF8000219EE /* Transaction.swift in Sources */,
				2F070CC528918FB0000219EE /* BudgetHeader.swift in Sources */,
				2F7611132884AB81005D4183 /* Image+Data.swift in Sources */,
				2F7611172885B843005D4183 /* Hierarchy.swift in Sources */,
				2F070CC9289439A6000219EE /* Budget.swift in Sources */,
				2F7611202886FADE005D4183 /* SettingsView.swift in Sources */,
				2F8FD212290C664F00BD5FFB /* UserDefaults+Codable.swift in Sources */,
				2F070CC1288EF919000219EE /* CategoryList.swift in Sources */,
				2F76111C2885D2CA005D4183 /* AccountList.swift in Sources */,
				2F7610C0288481E5005D4183 /* BudgetBudgetApp.swift in Sources */,
				2F070CBD288EEFA5000219EE /* Category.swift in Sources */,
			);
			runOnlyForDeploymentPostprocessing = 0;
		};
/* End PBXSourcesBuildPhase section */

/* Begin PBXVariantGroup section */
		2F2F540B288C507A006E2FDE /* Localizable.strings */ = {
			isa = PBXVariantGroup;
			children = (
				2F2F540A288C507A006E2FDE /* de */,
				2F2F540C288C50B4006E2FDE /* en */,
			);
			name = Localizable.strings;
			sourceTree = "<group>";
		};
/* End PBXVariantGroup section */

/* Begin XCBuildConfiguration section */
		2F7610C8288481E7005D4183 /* Debug */ = {
			isa = XCBuildConfiguration;
			buildSettings = {
				ALWAYS_SEARCH_USER_PATHS = NO;
				CLANG_ANALYZER_LOCALIZABILITY_NONLOCALIZED = YES;
				CLANG_ANALYZER_NONNULL = YES;
				CLANG_ANALYZER_NUMBER_OBJECT_CONVERSION = YES_AGGRESSIVE;
				CLANG_CXX_LANGUAGE_STANDARD = "gnu++17";
				CLANG_ENABLE_MODULES = YES;
				CLANG_ENABLE_OBJC_ARC = YES;
				CLANG_ENABLE_OBJC_WEAK = YES;
				CLANG_WARN_BLOCK_CAPTURE_AUTORELEASING = YES;
				CLANG_WARN_BOOL_CONVERSION = YES;
				CLANG_WARN_COMMA = YES;
				CLANG_WARN_CONSTANT_CONVERSION = YES;
				CLANG_WARN_DEPRECATED_OBJC_IMPLEMENTATIONS = YES;
				CLANG_WARN_DIRECT_OBJC_ISA_USAGE = YES_ERROR;
				CLANG_WARN_DOCUMENTATION_COMMENTS = YES;
				CLANG_WARN_EMPTY_BODY = YES;
				CLANG_WARN_ENUM_CONVERSION = YES;
				CLANG_WARN_INFINITE_RECURSION = YES;
				CLANG_WARN_INT_CONVERSION = YES;
				CLANG_WARN_NON_LITERAL_NULL_CONVERSION = YES;
				CLANG_WARN_OBJC_IMPLICIT_RETAIN_SELF = YES;
				CLANG_WARN_OBJC_LITERAL_CONVERSION = YES;
				CLANG_WARN_OBJC_ROOT_CLASS = YES_ERROR;
				CLANG_WARN_QUOTED_INCLUDE_IN_FRAMEWORK_HEADER = YES;
				CLANG_WARN_RANGE_LOOP_ANALYSIS = YES;
				CLANG_WARN_STRICT_PROTOTYPES = YES;
				CLANG_WARN_SUSPICIOUS_MOVE = YES;
				CLANG_WARN_UNGUARDED_AVAILABILITY = YES_AGGRESSIVE;
				CLANG_WARN_UNREACHABLE_CODE = YES;
				CLANG_WARN__DUPLICATE_METHOD_MATCH = YES;
				COPY_PHASE_STRIP = NO;
				DEBUG_INFORMATION_FORMAT = dwarf;
				ENABLE_STRICT_OBJC_MSGSEND = YES;
				ENABLE_TESTABILITY = YES;
				GCC_C_LANGUAGE_STANDARD = gnu11;
				GCC_DYNAMIC_NO_PIC = NO;
				GCC_NO_COMMON_BLOCKS = YES;
				GCC_OPTIMIZATION_LEVEL = 0;
				GCC_PREPROCESSOR_DEFINITIONS = (
					"DEBUG=1",
					"$(inherited)",
				);
				GCC_WARN_64_TO_32_BIT_CONVERSION = YES;
				GCC_WARN_ABOUT_RETURN_TYPE = YES_ERROR;
				GCC_WARN_UNDECLARED_SELECTOR = YES;
				GCC_WARN_UNINITIALIZED_AUTOS = YES_AGGRESSIVE;
				GCC_WARN_UNUSED_FUNCTION = YES;
				GCC_WARN_UNUSED_VARIABLE = YES;
				IPHONEOS_DEPLOYMENT_TARGET = 15.5;
				MACOSX_DEPLOYMENT_TARGET = 12.4;
				MTL_ENABLE_DEBUG_INFO = INCLUDE_SOURCE;
				MTL_FAST_MATH = YES;
				ONLY_ACTIVE_ARCH = YES;
				SDKROOT = iphoneos;
				SWIFT_ACTIVE_COMPILATION_CONDITIONS = DEBUG;
				SWIFT_OPTIMIZATION_LEVEL = "-Onone";
			};
			name = Debug;
		};
		2F7610C9288481E7005D4183 /* Release */ = {
			isa = XCBuildConfiguration;
			buildSettings = {
				ALWAYS_SEARCH_USER_PATHS = NO;
				CLANG_ANALYZER_LOCALIZABILITY_NONLOCALIZED = YES;
				CLANG_ANALYZER_NONNULL = YES;
				CLANG_ANALYZER_NUMBER_OBJECT_CONVERSION = YES_AGGRESSIVE;
				CLANG_CXX_LANGUAGE_STANDARD = "gnu++17";
				CLANG_ENABLE_MODULES = YES;
				CLANG_ENABLE_OBJC_ARC = YES;
				CLANG_ENABLE_OBJC_WEAK = YES;
				CLANG_WARN_BLOCK_CAPTURE_AUTORELEASING = YES;
				CLANG_WARN_BOOL_CONVERSION = YES;
				CLANG_WARN_COMMA = YES;
				CLANG_WARN_CONSTANT_CONVERSION = YES;
				CLANG_WARN_DEPRECATED_OBJC_IMPLEMENTATIONS = YES;
				CLANG_WARN_DIRECT_OBJC_ISA_USAGE = YES_ERROR;
				CLANG_WARN_DOCUMENTATION_COMMENTS = YES;
				CLANG_WARN_EMPTY_BODY = YES;
				CLANG_WARN_ENUM_CONVERSION = YES;
				CLANG_WARN_INFINITE_RECURSION = YES;
				CLANG_WARN_INT_CONVERSION = YES;
				CLANG_WARN_NON_LITERAL_NULL_CONVERSION = YES;
				CLANG_WARN_OBJC_IMPLICIT_RETAIN_SELF = YES;
				CLANG_WARN_OBJC_LITERAL_CONVERSION = YES;
				CLANG_WARN_OBJC_ROOT_CLASS = YES_ERROR;
				CLANG_WARN_QUOTED_INCLUDE_IN_FRAMEWORK_HEADER = YES;
				CLANG_WARN_RANGE_LOOP_ANALYSIS = YES;
				CLANG_WARN_STRICT_PROTOTYPES = YES;
				CLANG_WARN_SUSPICIOUS_MOVE = YES;
				CLANG_WARN_UNGUARDED_AVAILABILITY = YES_AGGRESSIVE;
				CLANG_WARN_UNREACHABLE_CODE = YES;
				CLANG_WARN__DUPLICATE_METHOD_MATCH = YES;
				COPY_PHASE_STRIP = NO;
				DEBUG_INFORMATION_FORMAT = "dwarf-with-dsym";
				ENABLE_NS_ASSERTIONS = NO;
				ENABLE_STRICT_OBJC_MSGSEND = YES;
				GCC_C_LANGUAGE_STANDARD = gnu11;
				GCC_NO_COMMON_BLOCKS = YES;
				GCC_WARN_64_TO_32_BIT_CONVERSION = YES;
				GCC_WARN_ABOUT_RETURN_TYPE = YES_ERROR;
				GCC_WARN_UNDECLARED_SELECTOR = YES;
				GCC_WARN_UNINITIALIZED_AUTOS = YES_AGGRESSIVE;
				GCC_WARN_UNUSED_FUNCTION = YES;
				GCC_WARN_UNUSED_VARIABLE = YES;
				IPHONEOS_DEPLOYMENT_TARGET = 15.5;
				MACOSX_DEPLOYMENT_TARGET = 12.4;
				MTL_ENABLE_DEBUG_INFO = NO;
				MTL_FAST_MATH = YES;
				SDKROOT = iphoneos;
				SWIFT_COMPILATION_MODE = wholemodule;
				SWIFT_OPTIMIZATION_LEVEL = "-O";
				VALIDATE_PRODUCT = YES;
			};
			name = Release;
		};
		2F7610CB288481E7005D4183 /* Debug */ = {
			isa = XCBuildConfiguration;
			buildSettings = {
				ASSETCATALOG_COMPILER_APPICON_NAME = AppIcon;
				ASSETCATALOG_COMPILER_GLOBAL_ACCENT_COLOR_NAME = AccentColor;
				CODE_SIGN_ENTITLEMENTS = BudgetBudget/BudgetBudget.entitlements;
				CODE_SIGN_IDENTITY = "Apple Development";
				CODE_SIGN_STYLE = Automatic;
				CURRENT_PROJECT_VERSION = 1;
				DEVELOPMENT_ASSET_PATHS = "\"BudgetBudget/Preview Content\"";
				DEVELOPMENT_TEAM = 6A7V3CGW4J;
				ENABLE_PREVIEWS = YES;
				GENERATE_INFOPLIST_FILE = YES;
				INFOPLIST_FILE = BudgetBudget/Info.plist;
				INFOPLIST_KEY_CFBundleDisplayName = BudgetBudget;
				INFOPLIST_KEY_LSApplicationCategoryType = "public.app-category.finance";
				INFOPLIST_KEY_NSAppleEventsUsageDescription = "BudgetBudget requires access to MoneyMoney in order to be able to import data.";
				INFOPLIST_KEY_UIApplicationSceneManifest_Generation = YES;
				INFOPLIST_KEY_UIApplicationSupportsIndirectInputEvents = YES;
				INFOPLIST_KEY_UILaunchScreen_Generation = YES;
				INFOPLIST_KEY_UISupportedInterfaceOrientations_iPad = "UIInterfaceOrientationPortrait UIInterfaceOrientationPortraitUpsideDown UIInterfaceOrientationLandscapeLeft UIInterfaceOrientationLandscapeRight";
				INFOPLIST_KEY_UISupportedInterfaceOrientations_iPhone = "UIInterfaceOrientationPortrait UIInterfaceOrientationLandscapeLeft UIInterfaceOrientationLandscapeRight";
				IPHONEOS_DEPLOYMENT_TARGET = 16.1;
				LD_RUNPATH_SEARCH_PATHS = (
					"$(inherited)",
					"@executable_path/Frameworks",
				);
				MACOSX_DEPLOYMENT_TARGET = 13.0;
				MARKETING_VERSION = 0.1;
				PRODUCT_BUNDLE_IDENTIFIER = app.budgetbudget;
				PRODUCT_NAME = "$(TARGET_NAME)";
				PROVISIONING_PROFILE_SPECIFIER = "";
				SUPPORTED_PLATFORMS = "iphoneos iphonesimulator macosx";
				SUPPORTS_MACCATALYST = NO;
				SUPPORTS_MAC_DESIGNED_FOR_IPHONE_IPAD = NO;
				SWIFT_EMIT_LOC_STRINGS = YES;
				SWIFT_VERSION = 5.0;
				TARGETED_DEVICE_FAMILY = "1,2";
			};
			name = Debug;
		};
		2F7610CC288481E7005D4183 /* Release */ = {
			isa = XCBuildConfiguration;
			buildSettings = {
				ASSETCATALOG_COMPILER_APPICON_NAME = AppIcon;
				ASSETCATALOG_COMPILER_GLOBAL_ACCENT_COLOR_NAME = AccentColor;
				CODE_SIGN_ENTITLEMENTS = BudgetBudget/BudgetBudget.entitlements;
				CODE_SIGN_IDENTITY = "Apple Development";
				CODE_SIGN_STYLE = Automatic;
				CURRENT_PROJECT_VERSION = 1;
				DEVELOPMENT_ASSET_PATHS = "\"BudgetBudget/Preview Content\"";
				DEVELOPMENT_TEAM = 6A7V3CGW4J;
				ENABLE_PREVIEWS = YES;
				GENERATE_INFOPLIST_FILE = YES;
				INFOPLIST_FILE = BudgetBudget/Info.plist;
				INFOPLIST_KEY_CFBundleDisplayName = BudgetBudget;
				INFOPLIST_KEY_LSApplicationCategoryType = "public.app-category.finance";
				INFOPLIST_KEY_NSAppleEventsUsageDescription = "BudgetBudget requires access to MoneyMoney in order to be able to import data.";
				INFOPLIST_KEY_UIApplicationSceneManifest_Generation = YES;
				INFOPLIST_KEY_UIApplicationSupportsIndirectInputEvents = YES;
				INFOPLIST_KEY_UILaunchScreen_Generation = YES;
				INFOPLIST_KEY_UISupportedInterfaceOrientations_iPad = "UIInterfaceOrientationPortrait UIInterfaceOrientationPortraitUpsideDown UIInterfaceOrientationLandscapeLeft UIInterfaceOrientationLandscapeRight";
				INFOPLIST_KEY_UISupportedInterfaceOrientations_iPhone = "UIInterfaceOrientationPortrait UIInterfaceOrientationLandscapeLeft UIInterfaceOrientationLandscapeRight";
				IPHONEOS_DEPLOYMENT_TARGET = 16.1;
				LD_RUNPATH_SEARCH_PATHS = (
					"$(inherited)",
					"@executable_path/Frameworks",
				);
				MACOSX_DEPLOYMENT_TARGET = 13.0;
				MARKETING_VERSION = 0.1;
				PRODUCT_BUNDLE_IDENTIFIER = app.budgetbudget;
				PRODUCT_NAME = "$(TARGET_NAME)";
				PROVISIONING_PROFILE_SPECIFIER = "";
				SUPPORTED_PLATFORMS = "iphoneos iphonesimulator macosx";
				SUPPORTS_MACCATALYST = NO;
				SUPPORTS_MAC_DESIGNED_FOR_IPHONE_IPAD = NO;
				SWIFT_EMIT_LOC_STRINGS = YES;
				SWIFT_VERSION = 5.0;
				TARGETED_DEVICE_FAMILY = "1,2";
			};
			name = Release;
		};
/* End XCBuildConfiguration section */

/* Begin XCConfigurationList section */
		2F7610B7288481E5005D4183 /* Build configuration list for PBXProject "BudgetBudget" */ = {
			isa = XCConfigurationList;
			buildConfigurations = (
				2F7610C8288481E7005D4183 /* Debug */,
				2F7610C9288481E7005D4183 /* Release */,
			);
			defaultConfigurationIsVisible = 0;
			defaultConfigurationName = Release;
		};
		2F7610CA288481E7005D4183 /* Build configuration list for PBXNativeTarget "BudgetBudget" */ = {
			isa = XCConfigurationList;
			buildConfigurations = (
				2F7610CB288481E7005D4183 /* Debug */,
				2F7610CC288481E7005D4183 /* Release */,
			);
			defaultConfigurationIsVisible = 0;
			defaultConfigurationName = Release;
		};
/* End XCConfigurationList section */
	};
	rootObject = 2F7610B4288481E5005D4183 /* Project object */;
}
